
Microsoft Visual Studio Solution File, Format Version 12.00
# Visual Studio Version 17
VisualStudioVersion = 17.10.35027.167
MinimumVisualStudioVersion = 10.0.40219.1
Project("{FAE04EC0-301F-11D3-BF4B-00C04F79EFBC}") = "EntityChallenger", "EntityChallenger\EntityChallenger.csproj", "{AB266817-D6EF-4282-9103-6746992D25FD}"
EndProject
Global
	GlobalSection(SolutionConfigurationPlatforms) = preSolution
		Debug|Any CPU = Debug|Any CPU
		Release|Any CPU = Release|Any CPU
	EndGlobalSection
	GlobalSection(ProjectConfigurationPlatforms) = postSolution
		{AB266817-D6EF-4282-9103-6746992D25FD}.Debug|Any CPU.ActiveCfg = Debug|Any CPU
		{AB266817-D6EF-4282-9103-6746992D25FD}.Debug|Any CPU.Build.0 = Debug|Any CPU
		{AB266817-D6EF-4282-9103-6746992D25FD}.Release|Any CPU.ActiveCfg = Release|Any CPU
		{AB266817-D6EF-4282-9103-6746992D25FD}.Release|Any CPU.Build.0 = Release|Any CPU
	EndGlobalSection
	GlobalSection(SolutionProperties) = preSolution
		HideSolutionNode = FALSE
	EndGlobalSection
	GlobalSection(ExtensibilityGlobals) = postSolution
		SolutionGuid = {E837055F-766E-420E-BC2F-2CD8AD8CBC19}
	EndGlobalSection
EndGlobal
